
Microsoft Visual Studio Solution File, Format Version 12.00
# Visual Studio Version 16
VisualStudioVersion = 16.0.31515.178
MinimumVisualStudioVersion = 10.0.40219.1
Project("{9A19103F-16F7-4668-BE54-9A1E7A4F7556}") = "VueWebApp", "VueWebApp\VueWebApp.csproj", "{FAD8314D-7E15-4B73-A7C2-3827EB4C28C5}"
EndProject
Project("{9A19103F-16F7-4668-BE54-9A1E7A4F7556}") = "VueWebApp.Api", "VueWebApp.Api\VueWebApp.Api.csproj", "{B7B07660-1908-404D-8560-28B60172C9F4}"
EndProject
Project("{9A19103F-16F7-4668-BE54-9A1E7A4F7556}") = "VueWebApp.Data", "VueWebApp.Data\VueWebApp.Data.csproj", "{20E5B6A2-EEE3-4C17-BA68-39CE90898003}"
EndProject
Project("{9A19103F-16F7-4668-BE54-9A1E7A4F7556}") = "VueWebApp.Domain", "VueWebApp.Domain\VueWebApp.Domain.csproj", "{A80007BA-8104-4F84-AD21-D6ABDB5E6C83}"
EndProject
Project("{9A19103F-16F7-4668-BE54-9A1E7A4F7556}") = "VueWebApp.IdentityServer", "IdentityServerAspNetIdentity\VueWebApp.IdentityServer.csproj", "{D52BEF14-1B2D-40F6-9E24-F01380B2C477}"
EndProject
Global
	GlobalSection(SolutionConfigurationPlatforms) = preSolution
		Debug|Any CPU = Debug|Any CPU
		Release|Any CPU = Release|Any CPU
	EndGlobalSection
	GlobalSection(ProjectConfigurationPlatforms) = postSolution
		{FAD8314D-7E15-4B73-A7C2-3827EB4C28C5}.Debug|Any CPU.ActiveCfg = Debug|Any CPU
		{FAD8314D-7E15-4B73-A7C2-3827EB4C28C5}.Debug|Any CPU.Build.0 = Debug|Any CPU
		{FAD8314D-7E15-4B73-A7C2-3827EB4C28C5}.Release|Any CPU.ActiveCfg = Release|Any CPU
		{FAD8314D-7E15-4B73-A7C2-3827EB4C28C5}.Release|Any CPU.Build.0 = Release|Any CPU
		{B7B07660-1908-404D-8560-28B60172C9F4}.Debug|Any CPU.ActiveCfg = Debug|Any CPU
		{B7B07660-1908-404D-8560-28B60172C9F4}.Debug|Any CPU.Build.0 = Debug|Any CPU
		{B7B07660-1908-404D-8560-28B60172C9F4}.Release|Any CPU.ActiveCfg = Release|Any CPU
		{B7B07660-1908-404D-8560-28B60172C9F4}.Release|Any CPU.Build.0 = Release|Any CPU
		{20E5B6A2-EEE3-4C17-BA68-39CE90898003}.Debug|Any CPU.ActiveCfg = Debug|Any CPU
		{20E5B6A2-EEE3-4C17-BA68-39CE90898003}.Debug|Any CPU.Build.0 = Debug|Any CPU
		{20E5B6A2-EEE3-4C17-BA68-39CE90898003}.Release|Any CPU.ActiveCfg = Release|Any CPU
		{20E5B6A2-EEE3-4C17-BA68-39CE90898003}.Release|Any CPU.Build.0 = Release|Any CPU
		{A80007BA-8104-4F84-AD21-D6ABDB5E6C83}.Debug|Any CPU.ActiveCfg = Debug|Any CPU
		{A80007BA-8104-4F84-AD21-D6ABDB5E6C83}.Debug|Any CPU.Build.0 = Debug|Any CPU
		{A80007BA-8104-4F84-AD21-D6ABDB5E6C83}.Release|Any CPU.ActiveCfg = Release|Any CPU
		{A80007BA-8104-4F84-AD21-D6ABDB5E6C83}.Release|Any CPU.Build.0 = Release|Any CPU
		{D52BEF14-1B2D-40F6-9E24-F01380B2C477}.Debug|Any CPU.ActiveCfg = Debug|Any CPU
		{D52BEF14-1B2D-40F6-9E24-F01380B2C477}.Debug|Any CPU.Build.0 = Debug|Any CPU
		{D52BEF14-1B2D-40F6-9E24-F01380B2C477}.Release|Any CPU.ActiveCfg = Release|Any CPU
		{D52BEF14-1B2D-40F6-9E24-F01380B2C477}.Release|Any CPU.Build.0 = Release|Any CPU
	EndGlobalSection
	GlobalSection(SolutionProperties) = preSolution
		HideSolutionNode = FALSE
	EndGlobalSection
	GlobalSection(ExtensibilityGlobals) = postSolution
		SolutionGuid = {381DD8B3-2B3E-42AC-B30A-F90C3375AB16}
	EndGlobalSection
EndGlobal
